{
    "_meta": {
        "hash": {
            "sha256": "d5431b8dc8287edf552df1cf084a12028925b4e9ac9cfab0dbfcfec3302b3f0f"
        },
        "pipfile-spec": 6,
        "requires": {
            "python_version": "3.7"
        },
        "sources": [
            {
                "name": "pypi",
                "url": "https://pypi.org/simple",
                "verify_ssl": true
            }
        ]
    },
    "default": {
        "pyenv": {
            "hashes": [
                "sha256:4c29f881b26772ada6bc5a945f1f71f7cc33c0420bb7eb1e144d8b1f2134fedb"
            ],
            "index": "pypi",
            "version": "==0.0.1"
        }
    },
    "develop": {}
}
